
Microsoft Visual Studio Solution File, Format Version 12.00
# Visual Studio Version 16
VisualStudioVersion = 16.0.29613.14
MinimumVisualStudioVersion = 10.0.40219.1
Project("{9A19103F-16F7-4668-BE54-9A1E7A4F7556}") = "NorthWnd.API", "NORTHWNDProject\NorthWnd.API.csproj", "{8FA56C8D-B68D-4507-B5C1-56E6AB9D00F0}"
EndProject
Project("{9A19103F-16F7-4668-BE54-9A1E7A4F7556}") = "NorthWnd.BLL", "BLL\NorthWnd.BLL.csproj", "{02505735-22DA-4D0B-ACCD-5400DDE4EAE1}"
EndProject
Project("{9A19103F-16F7-4668-BE54-9A1E7A4F7556}") = "NorthWnd.Core", "Core\NorthWnd.Core.csproj", "{387661F4-8123-4CC5-A5C3-6EEB20C84BB1}"
EndProject
Project("{9A19103F-16F7-4668-BE54-9A1E7A4F7556}") = "NorthWnd.DAL", "DAL\NorthWnd.DAL.csproj", "{AE974189-58B3-4A32-83D6-01C98782FC3A}"
EndProject
Global
	GlobalSection(SolutionConfigurationPlatforms) = preSolution
		Debug|Any CPU = Debug|Any CPU
		Release|Any CPU = Release|Any CPU
	EndGlobalSection
	GlobalSection(ProjectConfigurationPlatforms) = postSolution
		{8FA56C8D-B68D-4507-B5C1-56E6AB9D00F0}.Debug|Any CPU.ActiveCfg = Debug|Any CPU
		{8FA56C8D-B68D-4507-B5C1-56E6AB9D00F0}.Debug|Any CPU.Build.0 = Debug|Any CPU
		{8FA56C8D-B68D-4507-B5C1-56E6AB9D00F0}.Release|Any CPU.ActiveCfg = Release|Any CPU
		{8FA56C8D-B68D-4507-B5C1-56E6AB9D00F0}.Release|Any CPU.Build.0 = Release|Any CPU
		{02505735-22DA-4D0B-ACCD-5400DDE4EAE1}.Debug|Any CPU.ActiveCfg = Debug|Any CPU
		{02505735-22DA-4D0B-ACCD-5400DDE4EAE1}.Debug|Any CPU.Build.0 = Debug|Any CPU
		{02505735-22DA-4D0B-ACCD-5400DDE4EAE1}.Release|Any CPU.ActiveCfg = Release|Any CPU
		{02505735-22DA-4D0B-ACCD-5400DDE4EAE1}.Release|Any CPU.Build.0 = Release|Any CPU
		{387661F4-8123-4CC5-A5C3-6EEB20C84BB1}.Debug|Any CPU.ActiveCfg = Debug|Any CPU
		{387661F4-8123-4CC5-A5C3-6EEB20C84BB1}.Debug|Any CPU.Build.0 = Debug|Any CPU
		{387661F4-8123-4CC5-A5C3-6EEB20C84BB1}.Release|Any CPU.ActiveCfg = Release|Any CPU
		{387661F4-8123-4CC5-A5C3-6EEB20C84BB1}.Release|Any CPU.Build.0 = Release|Any CPU
		{AE974189-58B3-4A32-83D6-01C98782FC3A}.Debug|Any CPU.ActiveCfg = Debug|Any CPU
		{AE974189-58B3-4A32-83D6-01C98782FC3A}.Debug|Any CPU.Build.0 = Debug|Any CPU
		{AE974189-58B3-4A32-83D6-01C98782FC3A}.Release|Any CPU.ActiveCfg = Release|Any CPU
		{AE974189-58B3-4A32-83D6-01C98782FC3A}.Release|Any CPU.Build.0 = Release|Any CPU
	EndGlobalSection
	GlobalSection(SolutionProperties) = preSolution
		HideSolutionNode = FALSE
	EndGlobalSection
	GlobalSection(ExtensibilityGlobals) = postSolution
		SolutionGuid = {279AF46B-E6DF-45DE-9507-A771499167C9}
	EndGlobalSection
EndGlobal
